// !$*UTF8*$!
{
	archiveVersion = 1;
	classes = {
	};
	objectVersion = 46;
	objects = {

/* Begin PBXBuildFile section */
		AA3305041C105A9A00A6F92E /* main.m in Sources */ = {isa = PBXBuildFile; fileRef = AA3305031C105A9A00A6F92E /* main.m */; };
		AA3305071C105A9A00A6F92E /* AppDelegate.m in Sources */ = {isa = PBXBuildFile; fileRef = AA3305061C105A9A00A6F92E /* AppDelegate.m */; };
		AA33050A1C105A9A00A6F92E /* ViewController.m in Sources */ = {isa = PBXBuildFile; fileRef = AA3305091C105A9A00A6F92E /* ViewController.m */; };
		AA33050D1C105A9A00A6F92E /* Main.storyboard in Resources */ = {isa = PBXBuildFile; fileRef = AA33050B1C105A9A00A6F92E /* Main.storyboard */; };
		AA33050F1C105A9A00A6F92E /* Assets.xcassets in Resources */ = {isa = PBXBuildFile; fileRef = AA33050E1C105A9A00A6F92E /* Assets.xcassets */; };
		AA3305121C105A9A00A6F92E /* LaunchScreen.storyboard in Resources */ = {isa = PBXBuildFile; fileRef = AA3305101C105A9A00A6F92E /* LaunchScreen.storyboard */; };
/* End PBXBuildFile section */

/* Begin PBXFileReference section */
		AA3304FF1C105A9A00A6F92E /* Matchismo.app */ = {isa = PBXFileReference; explicitFileType = wrapper.application; includeInIndex = 0; path = Matchismo.app; sourceTree = BUILT_PRODUCTS_DIR; };
		AA3305031C105A9A00A6F92E /* main.m */ = {isa = PBXFileReference; lastKnownFileType = sourcecode.c.objc; path = main.m; sourceTree = "<group>"; };
		AA3305051C105A9A00A6F92E /* AppDelegate.h */ = {isa = PBXFileReference; lastKnownFileType = sourcecode.c.h; path = AppDelegate.h; sourceTree = "<group>"; };
		AA3305061C105A9A00A6F92E /* AppDelegate.m */ = {isa = PBXFileReference; lastKnownFileType = sourcecode.c.objc; path = AppDelegate.m; sourceTree = "<group>"; };
		AA3305081C105A9A00A6F92E /* ViewController.h */ = {isa = PBXFileReference; lastKnownFileType = sourcecode.c.h; path = ViewController.h; sourceTree = "<group>"; };
		AA3305091C105A9A00A6F92E /* ViewController.m */ = {isa = PBXFileReference; lastKnownFileType = sourcecode.c.objc; path = ViewController.m; sourceTree = "<group>"; };
		AA33050C1C105A9A00A6F92E /* Base */ = {isa = PBXFileReference; lastKnownFileType = file.storyboard; name = Base; path = Base.lproj/Main.storyboard; sourceTree = "<group>"; };
		AA33050E1C105A9A00A6F92E /* Assets.xcassets */ = {isa = PBXFileReference; lastKnownFileType = folder.assetcatalog; path = Assets.xcassets; sourceTree = "<group>"; };
		AA3305111C105A9A00A6F92E /* Base */ = {isa = PBXFileReference; lastKnownFileType = file.storyboard; name = Base; path = Base.lproj/LaunchScreen.storyboard; sourceTree = "<group>"; };
		AA3305131C105A9A00A6F92E /* Info.plist */ = {isa = PBXFileReference; lastKnownFileType = text.plist.xml; path = Info.plist; sourceTree = "<group>"; };
/* End PBXFileReference section */

/* Begin PBXFrameworksBuildPhase section */
		AA3304FC1C105A9A00A6F92E /* Frameworks */ = {
			isa = PBXFrameworksBuildPhase;
			buildActionMask = 2147483647;
			files = (
			);
			runOnlyForDeploymentPostprocessing = 0;
		};
/* End PBXFrameworksBuildPhase section */

/* Begin PBXGroup section */
		AA3304F61C105A9A00A6F92E = {
			isa = PBXGroup;
			children = (
				AA3305011C105A9A00A6F92E /* Matchismo */,
				AA3305001C105A9A00A6F92E /* Products */,
			);
			sourceTree = "<group>";
		};
		AA3305001C105A9A00A6F92E /* Products */ = {
			isa = PBXGroup;
			children = (
				AA3304FF1C105A9A00A6F92E /* Matchismo.app */,
			);
			name = Products;
			sourceTree = "<group>";
		};
		AA3305011C105A9A00A6F92E /* Matchismo */ = {
			isa = PBXGroup;
			children = (
				AA3305051C105A9A00A6F92E /* AppDelegate.h */,
				AA3305061C105A9A00A6F92E /* AppDelegate.m */,
				AA3305081C105A9A00A6F92E /* ViewController.h */,
				AA3305091C105A9A00A6F92E /* ViewController.m */,
				AA33050B1C105A9A00A6F92E /* Main.storyboard */,
				AA33050E1C105A9A00A6F92E /* Assets.xcassets */,
				AA3305101C105A9A00A6F92E /* LaunchScreen.storyboard */,
				AA3305131C105A9A00A6F92E /* Info.plist */,
				AA3305021C105A9A00A6F92E /* Supporting Files */,
			);
			path = Matchismo;
			sourceTree = "<group>";
		};
		AA3305021C105A9A00A6F92E /* Supporting Files */ = {
			isa = PBXGroup;
			children = (
				AA3305031C105A9A00A6F92E /* main.m */,
			);
			name = "Supporting Files";
			sourceTree = "<group>";
		};
/* End PBXGroup section */

/* Begin PBXNativeTarget section */
		AA3304FE1C105A9A00A6F92E /* Matchismo */ = {
			isa = PBXNativeTarget;
			buildConfigurationList = AA3305161C105A9A00A6F92E /* Build configuration list for PBXNativeTarget "Matchismo" */;
			buildPhases = (
				AA3304FB1C105A9A00A6F92E /* Sources */,
				AA3304FC1C105A9A00A6F92E /* Frameworks */,
				AA3304FD1C105A9A00A6F92E /* Resources */,
			);
			buildRules = (
			);
			dependencies = (
			);
			name = Matchismo;
			productName = Matchismo;
			productReference = AA3304FF1C105A9A00A6F92E /* Matchismo.app */;
			productType = "com.apple.product-type.application";
		};
/* End PBXNativeTarget section */

/* Begin PBXProject section */
		AA3304F71C105A9A00A6F92E /* Project object */ = {
			isa = PBXProject;
			attributes = {
				LastUpgradeCheck = 0710;
				ORGANIZATIONNAME = "Hegyi Hajnalka";
				TargetAttributes = {
					AA3304FE1C105A9A00A6F92E = {
						CreatedOnToolsVersion = 7.1.1;
					};
				};
			};
			buildConfigurationList = AA3304FA1C105A9A00A6F92E /* Build configuration list for PBXProject "Matchismo" */;
			compatibilityVersion = "Xcode 3.2";
			developmentRegion = English;
			hasScannedForEncodings = 0;
			knownRegions = (
				en,
				Base,
			);
			mainGroup = AA3304F61C105A9A00A6F92E;
			productRefGroup = AA3305001C105A9A00A6F92E /* Products */;
			projectDirPath = "";
			projectRoot = "";
			targets = (
				AA3304FE1C105A9A00A6F92E /* Matchismo */,
			);
		};
/* End PBXProject section */

/* Begin PBXResourcesBuildPhase section */
		AA3304FD1C105A9A00A6F92E /* Resources */ = {
			isa = PBXResourcesBuildPhase;
			buildActionMask = 2147483647;
			files = (
				AA3305121C105A9A00A6F92E /* LaunchScreen.storyboard in Resources */,
				AA33050F1C105A9A00A6F92E /* Assets.xcassets in Resources */,
				AA33050D1C105A9A00A6F92E /* Main.storyboard in Resources */,
			);
			runOnlyForDeploymentPostprocessing = 0;
		};
/* End PBXResourcesBuildPhase section */

/* Begin PBXSourcesBuildPhase section */
		AA3304FB1C105A9A00A6F92E /* Sources */ = {
			isa = PBXSourcesBuildPhase;
			buildActionMask = 2147483647;
			files = (
				AA33050A1C105A9A00A6F92E /* ViewController.m in Sources */,
				AA3305071C105A9A00A6F92E /* AppDelegate.m in Sources */,
				AA3305041C105A9A00A6F92E /* main.m in Sources */,
			);
			runOnlyForDeploymentPostprocessing = 0;
		};
/* End PBXSourcesBuildPhase section */

/* Begin PBXVariantGroup section */
		AA33050B1C105A9A00A6F92E /* Main.storyboard */ = {
			isa = PBXVariantGroup;
			children = (
				AA33050C1C105A9A00A6F92E /* Base */,
			);
			name = Main.storyboard;
			sourceTree = "<group>";
		};
		AA3305101C105A9A00A6F92E /* LaunchScreen.storyboard */ = {
			isa = PBXVariantGroup;
			children = (
				AA3305111C105A9A00A6F92E /* Base */,
			);
			name = LaunchScreen.storyboard;
			sourceTree = "<group>";
		};
/* End PBXVariantGroup section */

/* Begin XCBuildConfiguration section */
		AA3305141C105A9A00A6F92E /* Debug */ = {
			isa = XCBuildConfiguration;
			buildSettings = {
				ALWAYS_SEARCH_USER_PATHS = NO;
				CLANG_CXX_LANGUAGE_STANDARD = "gnu++0x";
				CLANG_CXX_LIBRARY = "libc++";
				CLANG_ENABLE_MODULES = YES;
				CLANG_ENABLE_OBJC_ARC = YES;
				CLANG_WARN_BOOL_CONVERSION = YES;
				CLANG_WARN_CONSTANT_CONVERSION = YES;
				CLANG_WARN_DIRECT_OBJC_ISA_USAGE = YES_ERROR;
				CLANG_WARN_EMPTY_BODY = YES;
				CLANG_WARN_ENUM_CONVERSION = YES;
				CLANG_WARN_INT_CONVERSION = YES;
				CLANG_WARN_OBJC_ROOT_CLASS = YES_ERROR;
				CLANG_WARN_UNREACHABLE_CODE = YES;
				CLANG_WARN__DUPLICATE_METHOD_MATCH = YES;
				"CODE_SIGN_IDENTITY[sdk=iphoneos*]" = "iPhone Developer";
				COPY_PHASE_STRIP = NO;
				DEBUG_INFORMATION_FORMAT = dwarf;
				ENABLE_STRICT_OBJC_MSGSEND = YES;
				ENABLE_TESTABILITY = YES;
				GCC_C_LANGUAGE_STANDARD = gnu99;
				GCC_DYNAMIC_NO_PIC = NO;
				GCC_NO_COMMON_BLOCKS = YES;
				GCC_OPTIMIZATION_LEVEL = 0;
				GCC_PREPROCESSOR_DEFINITIONS = (
					"DEBUG=1",
					"$(inherited)",
				);
				GCC_WARN_64_TO_32_BIT_CONVERSION = YES;
				GCC_WARN_ABOUT_RETURN_TYPE = YES_ERROR;
				GCC_WARN_UNDECLARED_SELECTOR = YES;
				GCC_WARN_UNINITIALIZED_AUTOS = YES_AGGRESSIVE;
				GCC_WARN_UNUSED_FUNCTION = YES;
				GCC_WARN_UNUSED_VARIABLE = YES;
				IPHONEOS_DEPLOYMENT_TARGET = 9.1;
				MTL_ENABLE_DEBUG_INFO = YES;
				ONLY_ACTIVE_ARCH = YES;
				SDKROOT = iphoneos;
			};
			name = Debug;
		};
		AA3305151C105A9A00A6F92E /* Release */ = {
			isa = XCBuildConfiguration;
			buildSettings = {
				ALWAYS_SEARCH_USER_PATHS = NO;
				CLANG_CXX_LANGUAGE_STANDARD = "gnu++0x";
				CLANG_CXX_LIBRARY = "libc++";
				CLANG_ENABLE_MODULES = YES;
				CLANG_ENABLE_OBJC_ARC = YES;
				CLANG_WARN_BOOL_CONVERSION = YES;
				CLANG_WARN_CONSTANT_CONVERSION = YES;
				CLANG_WARN_DIRECT_OBJC_ISA_USAGE = YES_ERROR;
				CLANG_WARN_EMPTY_BODY = YES;
				CLANG_WARN_ENUM_CONVERSION = YES;
				CLANG_WARN_INT_CONVERSION = YES;
				CLANG_WARN_OBJC_ROOT_CLASS = YES_ERROR;
				CLANG_WARN_UNREACHABLE_CODE = YES;
				CLANG_WARN__DUPLICATE_METHOD_MATCH = YES;
				"CODE_SIGN_IDENTITY[sdk=iphoneos*]" = "iPhone Developer";
				COPY_PHASE_STRIP = NO;
				DEBUG_INFORMATION_FORMAT = "dwarf-with-dsym";
				ENABLE_NS_ASSERTIONS = NO;
				ENABLE_STRICT_OBJC_MSGSEND = YES;
				GCC_C_LANGUAGE_STANDARD = gnu99;
				GCC_NO_COMMON_BLOCKS = YES;
				GCC_WARN_64_TO_32_BIT_CONVERSION = YES;
				GCC_WARN_ABOUT_RETURN_TYPE = YES_ERROR;
				GCC_WARN_UNDECLARED_SELECTOR = YES;
				GCC_WARN_UNINITIALIZED_AUTOS = YES_AGGRESSIVE;
				GCC_WARN_UNUSED_FUNCTION = YES;
				GCC_WARN_UNUSED_VARIABLE = YES;
				IPHONEOS_DEPLOYMENT_TARGET = 9.1;
				MTL_ENABLE_DEBUG_INFO = NO;
				SDKROOT = iphoneos;
				VALIDATE_PRODUCT = YES;
			};
			name = Release;
		};
		AA3305171C105A9A00A6F92E /* Debug */ = {
			isa = XCBuildConfiguration;
			buildSettings = {
				ASSETCATALOG_COMPILER_APPICON_NAME = AppIcon;
				INFOPLIST_FILE = Matchismo/Info.plist;
				LD_RUNPATH_SEARCH_PATHS = "$(inherited) @executable_path/Frameworks";
				PRODUCT_BUNDLE_IDENTIFIER = edu.misys.hajhegyi.Matchismo;
				PRODUCT_NAME = "$(TARGET_NAME)";
			};
			name = Debug;
		};
		AA3305181C105A9A00A6F92E /* Release */ = {
			isa = XCBuildConfiguration;
			buildSettings = {
				ASSETCATALOG_COMPILER_APPICON_NAME = AppIcon;
				INFOPLIST_FILE = Matchismo/Info.plist;
				LD_RUNPATH_SEARCH_PATHS = "$(inherited) @executable_path/Frameworks";
				PRODUCT_BUNDLE_IDENTIFIER = edu.misys.hajhegyi.Matchismo;
				PRODUCT_NAME = "$(TARGET_NAME)";
			};
			name = Release;
		};
/* End XCBuildConfiguration section */

/* Begin XCConfigurationList section */
		AA3304FA1C105A9A00A6F92E /* Build configuration list for PBXProject "Matchismo" */ = {
			isa = XCConfigurationList;
			buildConfigurations = (
				AA3305141C105A9A00A6F92E /* Debug */,
				AA3305151C105A9A00A6F92E /* Release */,
			);
			defaultConfigurationIsVisible = 0;
			defaultConfigurationName = Release;
		};
		AA3305161C105A9A00A6F92E /* Build configuration list for PBXNativeTarget "Matchismo" */ = {
			isa = XCConfigurationList;
			buildConfigurations = (
				AA3305171C105A9A00A6F92E /* Debug */,
				AA3305181C105A9A00A6F92E /* Release */,
			);
			defaultConfigurationIsVisible = 0;
		};
/* End XCConfigurationList section */
	};
	rootObject = AA3304F71C105A9A00A6F92E /* Project object */;
}
